
Microsoft Visual Studio Solution File, Format Version 12.00
# Visual Studio 15
VisualStudioVersion = 15.0.27703.2018
MinimumVisualStudioVersion = 10.0.40219.1
Project("{9A19103F-16F7-4668-BE54-9A1E7A4F7556}") = "EDC.K8S.Demo.WebApi", "v1.0\EDC.K8S.Demo.WebApi\EDC.K8S.Demo.WebApi.csproj", "{1F68A6F2-47A9-4C6D-9B5E-E677555CA0D7}"
EndProject
Project("{2150E333-8FDC-42A3-9474-1A3956D46DE8}") = "v1.0", "v1.0", "{63747A5A-A38E-40A1-BA26-BA26F76A739F}"
EndProject
Project("{2150E333-8FDC-42A3-9474-1A3956D46DE8}") = "v1.1", "v1.1", "{F642293F-587D-4F50-9B1A-B834B03C93E0}"
EndProject
Project("{9A19103F-16F7-4668-BE54-9A1E7A4F7556}") = "EDC.K8S.Demo.WebApi", "v1.1\EDC.K8S.Demo.WebApi\EDC.K8S.Demo.WebApi.csproj", "{65DDCA71-55A5-4279-8E3D-CB6924A5392B}"
EndProject
Project("{2150E333-8FDC-42A3-9474-1A3956D46DE8}") = "v1.2", "v1.2", "{BE937DB1-377B-43BB-9842-6BE1D503FE25}"
EndProject
Project("{9A19103F-16F7-4668-BE54-9A1E7A4F7556}") = "EDC.K8S.Demo.WebApi", "v1.2\EDC.K8S.Demo.WebApi\EDC.K8S.Demo.WebApi.csproj", "{C8EF6744-48FD-4F1F-BA38-AE3C0FBF3A3E}"
EndProject
Global
	GlobalSection(SolutionConfigurationPlatforms) = preSolution
		Debug|Any CPU = Debug|Any CPU
		Release|Any CPU = Release|Any CPU
	EndGlobalSection
	GlobalSection(ProjectConfigurationPlatforms) = postSolution
		{1F68A6F2-47A9-4C6D-9B5E-E677555CA0D7}.Debug|Any CPU.ActiveCfg = Debug|Any CPU
		{1F68A6F2-47A9-4C6D-9B5E-E677555CA0D7}.Debug|Any CPU.Build.0 = Debug|Any CPU
		{1F68A6F2-47A9-4C6D-9B5E-E677555CA0D7}.Release|Any CPU.ActiveCfg = Release|Any CPU
		{1F68A6F2-47A9-4C6D-9B5E-E677555CA0D7}.Release|Any CPU.Build.0 = Release|Any CPU
		{65DDCA71-55A5-4279-8E3D-CB6924A5392B}.Debug|Any CPU.ActiveCfg = Debug|Any CPU
		{65DDCA71-55A5-4279-8E3D-CB6924A5392B}.Debug|Any CPU.Build.0 = Debug|Any CPU
		{65DDCA71-55A5-4279-8E3D-CB6924A5392B}.Release|Any CPU.ActiveCfg = Release|Any CPU
		{65DDCA71-55A5-4279-8E3D-CB6924A5392B}.Release|Any CPU.Build.0 = Release|Any CPU
		{C8EF6744-48FD-4F1F-BA38-AE3C0FBF3A3E}.Debug|Any CPU.ActiveCfg = Debug|Any CPU
		{C8EF6744-48FD-4F1F-BA38-AE3C0FBF3A3E}.Debug|Any CPU.Build.0 = Debug|Any CPU
		{C8EF6744-48FD-4F1F-BA38-AE3C0FBF3A3E}.Release|Any CPU.ActiveCfg = Release|Any CPU
		{C8EF6744-48FD-4F1F-BA38-AE3C0FBF3A3E}.Release|Any CPU.Build.0 = Release|Any CPU
	EndGlobalSection
	GlobalSection(SolutionProperties) = preSolution
		HideSolutionNode = FALSE
	EndGlobalSection
	GlobalSection(NestedProjects) = preSolution
		{1F68A6F2-47A9-4C6D-9B5E-E677555CA0D7} = {63747A5A-A38E-40A1-BA26-BA26F76A739F}
		{65DDCA71-55A5-4279-8E3D-CB6924A5392B} = {F642293F-587D-4F50-9B1A-B834B03C93E0}
		{C8EF6744-48FD-4F1F-BA38-AE3C0FBF3A3E} = {BE937DB1-377B-43BB-9842-6BE1D503FE25}
	EndGlobalSection
	GlobalSection(ExtensibilityGlobals) = postSolution
		SolutionGuid = {3302252E-808F-4016-B45C-7D66EEEA7F89}
	EndGlobalSection
EndGlobal
